
Microsoft Visual Studio Solution File, Format Version 12.00
# Visual Studio Version 17
VisualStudioVersion = 17.2.32602.215
MinimumVisualStudioVersion = 10.0.40219.1
Project("{8BC9CEB8-8B4A-11D0-8D11-00A0C91BC942}") = "2D-bin-packing-algorithm", "2D-bin-packing-algorithm\2D-bin-packing-algorithm.vcxproj", "{C1BAF10A-4C35-4DF9-AB8F-2C276F545028}"
EndProject
Global
	GlobalSection(SolutionConfigurationPlatforms) = preSolution
		Debug|x64 = Debug|x64
		Debug|x86 = Debug|x86
		Release|x64 = Release|x64
		Release|x86 = Release|x86
	EndGlobalSection
	GlobalSection(ProjectConfigurationPlatforms) = postSolution
		{C1BAF10A-4C35-4DF9-AB8F-2C276F545028}.Debug|x64.ActiveCfg = Debug|x64
		{C1BAF10A-4C35-4DF9-AB8F-2C276F545028}.Debug|x64.Build.0 = Debug|x64
		{C1BAF10A-4C35-4DF9-AB8F-2C276F545028}.Debug|x86.ActiveCfg = Debug|Win32
		{C1BAF10A-4C35-4DF9-AB8F-2C276F545028}.Debug|x86.Build.0 = Debug|Win32
		{C1BAF10A-4C35-4DF9-AB8F-2C276F545028}.Release|x64.ActiveCfg = Release|x64
		{C1BAF10A-4C35-4DF9-AB8F-2C276F545028}.Release|x64.Build.0 = Release|x64
		{C1BAF10A-4C35-4DF9-AB8F-2C276F545028}.Release|x86.ActiveCfg = Release|Win32
		{C1BAF10A-4C35-4DF9-AB8F-2C276F545028}.Release|x86.Build.0 = Release|Win32
	EndGlobalSection
	GlobalSection(SolutionProperties) = preSolution
		HideSolutionNode = FALSE
	EndGlobalSection
	GlobalSection(ExtensibilityGlobals) = postSolution
		SolutionGuid = {A9E95C50-7CFB-4F93-AFF9-F57B4F15F34F}
	EndGlobalSection
EndGlobal
